PODS:
  - Alamofire (5.0.0-rc.3)
  - AlamofireNetworkActivityLogger (3.0.0):
    - Alamofire (~> 5.0.0-rc.2)
  - GoogleMaps (3.7.0):
    - GoogleMaps/Maps (= 3.7.0)
  - GoogleMaps/Base (3.7.0)
  - GoogleMaps/Maps (3.7.0):
    - GoogleMaps/Base
  - MaterialComponents/AnimationTiming (93.3.0)
  - MaterialComponents/Buttons (93.3.0):
    - MaterialComponents/Elevation
    - MaterialComponents/Ink
    - MaterialComponents/private/Math
    - MaterialComponents/Ripple
    - MaterialComponents/ShadowElevations
    - MaterialComponents/ShadowLayer
    - MaterialComponents/Shapes
    - MaterialComponents/Typography
    - MDFInternationalization
    - MDFTextAccessibility
  - MaterialComponents/Elevation (93.3.0):
    - MaterialComponents/private/Color
    - MaterialComponents/private/Math
  - MaterialComponents/Ink (93.3.0):
    - MaterialComponents/private/Color
    - MaterialComponents/private/Math
  - MaterialComponents/OverlayWindow (93.3.0):
    - MaterialComponents/private/Application
  - MaterialComponents/private/Application (93.3.0)
  - MaterialComponents/private/Color (93.3.0)
  - MaterialComponents/private/KeyboardWatcher (93.3.0):
    - MaterialComponents/private/Application
  - MaterialComponents/private/Math (93.3.0)
  - MaterialComponents/private/Overlay (93.3.0)
  - MaterialComponents/Ripple (93.3.0):
    - MaterialComponents/AnimationTiming
    - MaterialComponents/private/Color
    - MaterialComponents/private/Math
  - MaterialComponents/ShadowElevations (93.3.0)
  - MaterialComponents/ShadowLayer (93.3.0):
    - MaterialComponents/ShadowElevations
  - MaterialComponents/Shapes (93.3.0):
    - MaterialComponents/private/Color
    - MaterialComponents/private/Math
    - MaterialComponents/ShadowLayer
  - MaterialComponents/Snackbar (93.3.0):
    - MaterialComponents/AnimationTiming
    - MaterialComponents/Buttons
    - MaterialComponents/Elevation
    - MaterialComponents/OverlayWindow
    - MaterialComponents/private/Application
    - MaterialComponents/private/KeyboardWatcher
    - MaterialComponents/private/Math
    - MaterialComponents/private/Overlay
    - MaterialComponents/ShadowElevations
    - MaterialComponents/ShadowLayer
    - MaterialComponents/Typography
  - MaterialComponents/Typography (93.3.0):
    - MaterialComponents/private/Application
    - MaterialComponents/private/Math
  - MDFInternationalization (2.0.0)
  - MDFTextAccessibility (2.0.0)
  - SDWebImage (5.5.2):
    - SDWebImage/Core (= 5.5.2)
  - SDWebImage/Core (5.5.2)
  - SwiftLint (0.39.2)

DEPENDENCIES:
  - Alamofire (~> 5.0.0-rc.3)
  - AlamofireNetworkActivityLogger (~> 3.0)
  - GoogleMaps (= 3.7.0)
  - MaterialComponents/Snackbar (= 93.3.0)
  - SDWebImage (~> 5.0)
  - SwiftLint (= 0.39.2)

SPEC REPOS:
  trunk:
    - Alamofire
    - AlamofireNetworkActivityLogger
    - GoogleMaps
    - MaterialComponents
    - MDFInternationalization
    - MDFTextAccessibility
    - SDWebImage
    - SwiftLint

SPEC CHECKSUMS:
  Alamofire: ca8c0de6906873be89d6deec5c8de279e00bf872
  AlamofireNetworkActivityLogger: 94e8a7d454a4a9800cef1d0c1d3699754493684b
  GoogleMaps: 55da829c68aa931f3ae982b9e341cc2f3d89c587
  MaterialComponents: 6b2eb24aa0c1d1a6453f05a6bbe3ed6c80843161
  MDFInternationalization: 010097556d6b09d2c4ea38e0820ea6d37be6a314
  MDFTextAccessibility: 85c09a1bd9c321f494348e632a25063bcda35a53
  SDWebImage: 4d5c027c935438f341ed33dbac53ff9f479922ca
  SwiftLint: 22ccbbe3b8008684be5955693bab135e0ed6a447

PODFILE CHECKSUM: 1064168d0d12dfd53309d4457a68266d154c8e93

COCOAPODS: 1.9.3
